
Microsoft Visual Studio Solution File, Format Version 12.00
# Visual Studio Version 16
VisualStudioVersion = 16.0.29911.84
MinimumVisualStudioVersion = 10.0.40219.1
Project("{FAE04EC0-301F-11D3-BF4B-00C04F79EFBC}") = "MvcMovie", "MvcMovie\MvcMovie.csproj", "{76195BA5-2595-4C97-965E-17C1A6A4307E}"
EndProject
Global
	GlobalSection(SolutionConfigurationPlatforms) = preSolution
		Debug|Any CPU = Debug|Any CPU
		Release|Any CPU = Release|Any CPU
	EndGlobalSection
	GlobalSection(ProjectConfigurationPlatforms) = postSolution
		{76195BA5-2595-4C97-965E-17C1A6A4307E}.Debug|Any CPU.ActiveCfg = Debug|Any CPU
		{76195BA5-2595-4C97-965E-17C1A6A4307E}.Debug|Any CPU.Build.0 = Debug|Any CPU
		{76195BA5-2595-4C97-965E-17C1A6A4307E}.Release|Any CPU.ActiveCfg = Release|Any CPU
		{76195BA5-2595-4C97-965E-17C1A6A4307E}.Release|Any CPU.Build.0 = Release|Any CPU
	EndGlobalSection
	GlobalSection(SolutionProperties) = preSolution
		HideSolutionNode = FALSE
	EndGlobalSection
	GlobalSection(ExtensibilityGlobals) = postSolution
		SolutionGuid = {2DB47DE5-4CFF-4BB2-84FF-77E2CB0F1F8D}
	EndGlobalSection
EndGlobal
